// !$*UTF8*$!
{
	archiveVersion = 1;
	classes = {
	};
	objectVersion = 56;
	objects = {

/* Begin PBXBuildFile section */
		4A361CEF28CD3C7000D6AD2C /* MenuView.swift in Sources */ = {isa = PBXBuildFile; fileRef = 4A361CEE28CD3C7000D6AD2C /* MenuView.swift */; };
		4A361CF128CD853E00D6AD2C /* ButtonView.swift in Sources */ = {isa = PBXBuildFile; fileRef = 4A361CF028CD853E00D6AD2C /* ButtonView.swift */; };
		4A77C0D328C6D8DC00FD249E /* DailyStickApp.swift in Sources */ = {isa = PBXBuildFile; fileRef = 4A77C0D228C6D8DC00FD249E /* DailyStickApp.swift */; };
		4A77C0D528C6D8DC00FD249E /* ContentView.swift in Sources */ = {isa = PBXBuildFile; fileRef = 4A77C0D428C6D8DC00FD249E /* ContentView.swift */; };
		4A77C0D728C6D8DC00FD249E /* Assets.xcassets in Resources */ = {isa = PBXBuildFile; fileRef = 4A77C0D628C6D8DC00FD249E /* Assets.xcassets */; };
		4A77C0DA28C6D8DC00FD249E /* Preview Assets.xcassets in Resources */ = {isa = PBXBuildFile; fileRef = 4A77C0D928C6D8DC00FD249E /* Preview Assets.xcassets */; };
		4A77C0E428C6D8DD00FD249E /* DailyStickTests.swift in Sources */ = {isa = PBXBuildFile; fileRef = 4A77C0E328C6D8DD00FD249E /* DailyStickTests.swift */; };
		4A77C0EE28C6D8DD00FD249E /* DailyStickUITests.swift in Sources */ = {isa = PBXBuildFile; fileRef = 4A77C0ED28C6D8DD00FD249E /* DailyStickUITests.swift */; };
		4A77C0F028C6D8DD00FD249E /* DailyStickUITestsLaunchTests.swift in Sources */ = {isa = PBXBuildFile; fileRef = 4A77C0EF28C6D8DD00FD249E /* DailyStickUITestsLaunchTests.swift */; };
		4A77C10028C6DB0F00FD249E /* WorkoutHistory.swift in Sources */ = {isa = PBXBuildFile; fileRef = 4A77C0FF28C6DB0F00FD249E /* WorkoutHistory.swift */; };
		4A77C10328C6DC0100FD249E /* Realm in Frameworks */ = {isa = PBXBuildFile; productRef = 4A77C10228C6DC0100FD249E /* Realm */; };
		4A77C10528C6DC0100FD249E /* RealmSwift in Frameworks */ = {isa = PBXBuildFile; productRef = 4A77C10428C6DC0100FD249E /* RealmSwift */; };
		4A77C10728C6DC3500FD249E /* DailyWorkout.swift in Sources */ = {isa = PBXBuildFile; fileRef = 4A77C10628C6DC3500FD249E /* DailyWorkout.swift */; };
		4A77C10928C6DCC100FD249E /* Color.swift in Sources */ = {isa = PBXBuildFile; fileRef = 4A77C10828C6DCC100FD249E /* Color.swift */; };
		4A77C10B28C6DD2700FD249E /* ClockModel.swift in Sources */ = {isa = PBXBuildFile; fileRef = 4A77C10A28C6DD2700FD249E /* ClockModel.swift */; };
		4A77C10E28C6DD7000FD249E /* WorkoutsList.swift in Sources */ = {isa = PBXBuildFile; fileRef = 4A77C10D28C6DD7000FD249E /* WorkoutsList.swift */; };
		4A77C11028C6DDAF00FD249E /* WorkoutDetailView.swift in Sources */ = {isa = PBXBuildFile; fileRef = 4A77C10F28C6DDAF00FD249E /* WorkoutDetailView.swift */; };
		4A77C11228C6DDD900FD249E /* WorkoutTimerView.swift in Sources */ = {isa = PBXBuildFile; fileRef = 4A77C11128C6DDD900FD249E /* WorkoutTimerView.swift */; };
		4A77C11428C6DE6100FD249E /* Clock.swift in Sources */ = {isa = PBXBuildFile; fileRef = 4A77C11328C6DE6100FD249E /* Clock.swift */; };
		4A77C11628C6DEA100FD249E /* History.swift in Sources */ = {isa = PBXBuildFile; fileRef = 4A77C11528C6DEA100FD249E /* History.swift */; };
		4A77C11828C6DED400FD249E /* WorkoutEditView.swift in Sources */ = {isa = PBXBuildFile; fileRef = 4A77C11728C6DED400FD249E /* WorkoutEditView.swift */; };
		4A77C11A28C6DF1E00FD249E /* WorkoutCellView.swift in Sources */ = {isa = PBXBuildFile; fileRef = 4A77C11928C6DF1E00FD249E /* WorkoutCellView.swift */; };
		4A77C11D28C6F51500FD249E /* HapticManager.swift in Sources */ = {isa = PBXBuildFile; fileRef = 4A77C11C28C6F51500FD249E /* HapticManager.swift */; };
		4A77C12128C8309600FD249E /* EmptyListView.swift in Sources */ = {isa = PBXBuildFile; fileRef = 4A77C12028C8309600FD249E /* EmptyListView.swift */; };
		4A77C12328C8317600FD249E /* Launch Screen.storyboard in Resources */ = {isa = PBXBuildFile; fileRef = 4A77C12228C8317600FD249E /* Launch Screen.storyboard */; };
/* End PBXBuildFile section */

/* Begin PBXContainerItemProxy section */
		4A77C0E028C6D8DD00FD249E /* PBXContainerItemProxy */ = {
			isa = PBXContainerItemProxy;
			containerPortal = 4A77C0C728C6D8DC00FD249E /* Project object */;
			proxyType = 1;
			remoteGlobalIDString = 4A77C0CE28C6D8DC00FD249E;
			remoteInfo = DailyStick;
		};
		4A77C0EA28C6D8DD00FD249E /* PBXContainerItemProxy */ = {
			isa = PBXContainerItemProxy;
			containerPortal = 4A77C0C728C6D8DC00FD249E /* Project object */;
			proxyType = 1;
			remoteGlobalIDString = 4A77C0CE28C6D8DC00FD249E;
			remoteInfo = DailyStick;
		};
/* End PBXContainerItemProxy section */

/* Begin PBXFileReference section */
		4A361CEE28CD3C7000D6AD2C /* MenuView.swift */ = {isa = PBXFileReference; lastKnownFileType = sourcecode.swift; path = MenuView.swift; sourceTree = "<group>"; };
		4A361CF028CD853E00D6AD2C /* ButtonView.swift */ = {isa = PBXFileReference; lastKnownFileType = sourcecode.swift; path = ButtonView.swift; sourceTree = "<group>"; };
		4A361E2B28CEC00200D6AD2C /* Info.plist */ = {isa = PBXFileReference; lastKnownFileType = text.plist; path = Info.plist; sourceTree = "<group>"; };
		4A77C0CF28C6D8DC00FD249E /* DailyStick.app */ = {isa = PBXFileReference; explicitFileType = wrapper.application; includeInIndex = 0; path = DailyStick.app; sourceTree = BUILT_PRODUCTS_DIR; };
		4A77C0D228C6D8DC00FD249E /* DailyStickApp.swift */ = {isa = PBXFileReference; lastKnownFileType = sourcecode.swift; path = DailyStickApp.swift; sourceTree = "<group>"; };
		4A77C0D428C6D8DC00FD249E /* ContentView.swift */ = {isa = PBXFileReference; lastKnownFileType = sourcecode.swift; path = ContentView.swift; sourceTree = "<group>"; };
		4A77C0D628C6D8DC00FD249E /* Assets.xcassets */ = {isa = PBXFileReference; lastKnownFileType = folder.assetcatalog; path = Assets.xcassets; sourceTree = "<group>"; };
		4A77C0D928C6D8DC00FD249E /* Preview Assets.xcassets */ = {isa = PBXFileReference; lastKnownFileType = folder.assetcatalog; path = "Preview Assets.xcassets"; sourceTree = "<group>"; };
		4A77C0DF28C6D8DD00FD249E /* DailyStickTests.xctest */ = {isa = PBXFileReference; explicitFileType = wrapper.cfbundle; includeInIndex = 0; path = DailyStickTests.xctest; sourceTree = BUILT_PRODUCTS_DIR; };
		4A77C0E328C6D8DD00FD249E /* DailyStickTests.swift */ = {isa = PBXFileReference; lastKnownFileType = sourcecode.swift; path = DailyStickTests.swift; sourceTree = "<group>"; };
		4A77C0E928C6D8DD00FD249E /* DailyStickUITests.xctest */ = {isa = PBXFileReference; explicitFileType = wrapper.cfbundle; includeInIndex = 0; path = DailyStickUITests.xctest; sourceTree = BUILT_PRODUCTS_DIR; };
		4A77C0ED28C6D8DD00FD249E /* DailyStickUITests.swift */ = {isa = PBXFileReference; lastKnownFileType = sourcecode.swift; path = DailyStickUITests.swift; sourceTree = "<group>"; };
		4A77C0EF28C6D8DD00FD249E /* DailyStickUITestsLaunchTests.swift */ = {isa = PBXFileReference; lastKnownFileType = sourcecode.swift; path = DailyStickUITestsLaunchTests.swift; sourceTree = "<group>"; };
		4A77C0FF28C6DB0F00FD249E /* WorkoutHistory.swift */ = {isa = PBXFileReference; lastKnownFileType = sourcecode.swift; path = WorkoutHistory.swift; sourceTree = "<group>"; };
		4A77C10628C6DC3500FD249E /* DailyWorkout.swift */ = {isa = PBXFileReference; lastKnownFileType = sourcecode.swift; path = DailyWorkout.swift; sourceTree = "<group>"; };
		4A77C10828C6DCC100FD249E /* Color.swift */ = {isa = PBXFileReference; lastKnownFileType = sourcecode.swift; path = Color.swift; sourceTree = "<group>"; };
		4A77C10A28C6DD2700FD249E /* ClockModel.swift */ = {isa = PBXFileReference; lastKnownFileType = sourcecode.swift; path = ClockModel.swift; sourceTree = "<group>"; };
		4A77C10D28C6DD7000FD249E /* WorkoutsList.swift */ = {isa = PBXFileReference; lastKnownFileType = sourcecode.swift; path = WorkoutsList.swift; sourceTree = "<group>"; };
		4A77C10F28C6DDAF00FD249E /* WorkoutDetailView.swift */ = {isa = PBXFileReference; lastKnownFileType = sourcecode.swift; path = WorkoutDetailView.swift; sourceTree = "<group>"; };
		4A77C11128C6DDD900FD249E /* WorkoutTimerView.swift */ = {isa = PBXFileReference; lastKnownFileType = sourcecode.swift; path = WorkoutTimerView.swift; sourceTree = "<group>"; };
		4A77C11328C6DE6100FD249E /* Clock.swift */ = {isa = PBXFileReference; lastKnownFileType = sourcecode.swift; path = Clock.swift; sourceTree = "<group>"; };
		4A77C11528C6DEA100FD249E /* History.swift */ = {isa = PBXFileReference; lastKnownFileType = sourcecode.swift; path = History.swift; sourceTree = "<group>"; };
		4A77C11728C6DED400FD249E /* WorkoutEditView.swift */ = {isa = PBXFileReference; lastKnownFileType = sourcecode.swift; path = WorkoutEditView.swift; sourceTree = "<group>"; };
		4A77C11928C6DF1E00FD249E /* WorkoutCellView.swift */ = {isa = PBXFileReference; lastKnownFileType = sourcecode.swift; path = WorkoutCellView.swift; sourceTree = "<group>"; };
		4A77C11C28C6F51500FD249E /* HapticManager.swift */ = {isa = PBXFileReference; lastKnownFileType = sourcecode.swift; path = HapticManager.swift; sourceTree = "<group>"; };
		4A77C12028C8309600FD249E /* EmptyListView.swift */ = {isa = PBXFileReference; lastKnownFileType = sourcecode.swift; path = EmptyListView.swift; sourceTree = "<group>"; };
		4A77C12228C8317600FD249E /* Launch Screen.storyboard */ = {isa = PBXFileReference; lastKnownFileType = file.storyboard; path = "Launch Screen.storyboard"; sourceTree = "<group>"; };
/* End PBXFileReference section */

/* Begin PBXFrameworksBuildPhase section */
		4A77C0CC28C6D8DC00FD249E /* Frameworks */ = {
			isa = PBXFrameworksBuildPhase;
			buildActionMask = 2147483647;
			files = (
				4A77C10528C6DC0100FD249E /* RealmSwift in Frameworks */,
				4A77C10328C6DC0100FD249E /* Realm in Frameworks */,
			);
			runOnlyForDeploymentPostprocessing = 0;
		};
		4A77C0DC28C6D8DD00FD249E /* Frameworks */ = {
			isa = PBXFrameworksBuildPhase;
			buildActionMask = 2147483647;
			files = (
			);
			runOnlyForDeploymentPostprocessing = 0;
		};
		4A77C0E628C6D8DD00FD249E /* Frameworks */ = {
			isa = PBXFrameworksBuildPhase;
			buildActionMask = 2147483647;
			files = (
			);
			runOnlyForDeploymentPostprocessing = 0;
		};
/* End PBXFrameworksBuildPhase section */

/* Begin PBXGroup section */
		4A77C0C628C6D8DC00FD249E = {
			isa = PBXGroup;
			children = (
				4A77C12228C8317600FD249E /* Launch Screen.storyboard */,
				4A77C0D128C6D8DC00FD249E /* DailyStick */,
				4A77C0E228C6D8DD00FD249E /* DailyStickTests */,
				4A77C0EC28C6D8DD00FD249E /* DailyStickUITests */,
				4A77C0D028C6D8DC00FD249E /* Products */,
			);
			sourceTree = "<group>";
		};
		4A77C0D028C6D8DC00FD249E /* Products */ = {
			isa = PBXGroup;
			children = (
				4A77C0CF28C6D8DC00FD249E /* DailyStick.app */,
				4A77C0DF28C6D8DD00FD249E /* DailyStickTests.xctest */,
				4A77C0E928C6D8DD00FD249E /* DailyStickUITests.xctest */,
			);
			name = Products;
			sourceTree = "<group>";
		};
		4A77C0D128C6D8DC00FD249E /* DailyStick */ = {
			isa = PBXGroup;
			children = (
				4A361E2B28CEC00200D6AD2C /* Info.plist */,
				4A77C11B28C6F4F600FD249E /* Managers */,
				4A77C0FC28C6D95300FD249E /* Models */,
				4A77C0D228C6D8DC00FD249E /* DailyStickApp.swift */,
				4A77C10C28C6DD4200FD249E /* Views */,
				4A77C0D628C6D8DC00FD249E /* Assets.xcassets */,
				4A77C0D828C6D8DC00FD249E /* Preview Content */,
			);
			path = DailyStick;
			sourceTree = "<group>";
		};
		4A77C0D828C6D8DC00FD249E /* Preview Content */ = {
			isa = PBXGroup;
			children = (
				4A77C0D928C6D8DC00FD249E /* Preview Assets.xcassets */,
			);
			path = "Preview Content";
			sourceTree = "<group>";
		};
		4A77C0E228C6D8DD00FD249E /* DailyStickTests */ = {
			isa = PBXGroup;
			children = (
				4A77C0E328C6D8DD00FD249E /* DailyStickTests.swift */,
			);
			path = DailyStickTests;
			sourceTree = "<group>";
		};
		4A77C0EC28C6D8DD00FD249E /* DailyStickUITests */ = {
			isa = PBXGroup;
			children = (
				4A77C0ED28C6D8DD00FD249E /* DailyStickUITests.swift */,
				4A77C0EF28C6D8DD00FD249E /* DailyStickUITestsLaunchTests.swift */,
			);
			path = DailyStickUITests;
			sourceTree = "<group>";
		};
		4A77C0FC28C6D95300FD249E /* Models */ = {
			isa = PBXGroup;
			children = (
				4A77C0FF28C6DB0F00FD249E /* WorkoutHistory.swift */,
				4A77C10628C6DC3500FD249E /* DailyWorkout.swift */,
				4A77C10828C6DCC100FD249E /* Color.swift */,
				4A77C10A28C6DD2700FD249E /* ClockModel.swift */,
			);
			path = Models;
			sourceTree = "<group>";
		};
		4A77C10C28C6DD4200FD249E /* Views */ = {
			isa = PBXGroup;
			children = (
				4A77C0D428C6D8DC00FD249E /* ContentView.swift */,
				4A77C10D28C6DD7000FD249E /* WorkoutsList.swift */,
				4A77C10F28C6DDAF00FD249E /* WorkoutDetailView.swift */,
				4A77C11128C6DDD900FD249E /* WorkoutTimerView.swift */,
				4A77C11328C6DE6100FD249E /* Clock.swift */,
				4A77C11528C6DEA100FD249E /* History.swift */,
				4A77C11728C6DED400FD249E /* WorkoutEditView.swift */,
				4A77C11928C6DF1E00FD249E /* WorkoutCellView.swift */,
				4A77C12028C8309600FD249E /* EmptyListView.swift */,
				4A361CEE28CD3C7000D6AD2C /* MenuView.swift */,
				4A361CF028CD853E00D6AD2C /* ButtonView.swift */,
			);
			path = Views;
			sourceTree = "<group>";
		};
		4A77C11B28C6F4F600FD249E /* Managers */ = {
			isa = PBXGroup;
			children = (
				4A77C11C28C6F51500FD249E /* HapticManager.swift */,
			);
			path = Managers;
			sourceTree = "<group>";
		};
/* End PBXGroup section */

/* Begin PBXNativeTarget section */
		4A77C0CE28C6D8DC00FD249E /* DailyStick */ = {
			isa = PBXNativeTarget;
			buildConfigurationList = 4A77C0F328C6D8DD00FD249E /* Build configuration list for PBXNativeTarget "DailyStick" */;
			buildPhases = (
				4A77C0CB28C6D8DC00FD249E /* Sources */,
				4A77C0CC28C6D8DC00FD249E /* Frameworks */,
				4A77C0CD28C6D8DC00FD249E /* Resources */,
			);
			buildRules = (
			);
			dependencies = (
			);
			name = DailyStick;
			packageProductDependencies = (
				4A77C10228C6DC0100FD249E /* Realm */,
				4A77C10428C6DC0100FD249E /* RealmSwift */,
			);
			productName = DailyStick;
			productReference = 4A77C0CF28C6D8DC00FD249E /* DailyStick.app */;
			productType = "com.apple.product-type.application";
		};
		4A77C0DE28C6D8DD00FD249E /* DailyStickTests */ = {
			isa = PBXNativeTarget;
			buildConfigurationList = 4A77C0F628C6D8DD00FD249E /* Build configuration list for PBXNativeTarget "DailyStickTests" */;
			buildPhases = (
				4A77C0DB28C6D8DD00FD249E /* Sources */,
				4A77C0DC28C6D8DD00FD249E /* Frameworks */,
				4A77C0DD28C6D8DD00FD249E /* Resources */,
			);
			buildRules = (
			);
			dependencies = (
				4A77C0E128C6D8DD00FD249E /* PBXTargetDependency */,
			);
			name = DailyStickTests;
			productName = DailyStickTests;
			productReference = 4A77C0DF28C6D8DD00FD249E /* DailyStickTests.xctest */;
			productType = "com.apple.product-type.bundle.unit-test";
		};
		4A77C0E828C6D8DD00FD249E /* DailyStickUITests */ = {
			isa = PBXNativeTarget;
			buildConfigurationList = 4A77C0F928C6D8DD00FD249E /* Build configuration list for PBXNativeTarget "DailyStickUITests" */;
			buildPhases = (
				4A77C0E528C6D8DD00FD249E /* Sources */,
				4A77C0E628C6D8DD00FD249E /* Frameworks */,
				4A77C0E728C6D8DD00FD249E /* Resources */,
			);
			buildRules = (
			);
			dependencies = (
				4A77C0EB28C6D8DD00FD249E /* PBXTargetDependency */,
			);
			name = DailyStickUITests;
			productName = DailyStickUITests;
			productReference = 4A77C0E928C6D8DD00FD249E /* DailyStickUITests.xctest */;
			productType = "com.apple.product-type.bundle.ui-testing";
		};
/* End PBXNativeTarget section */

/* Begin PBXProject section */
		4A77C0C728C6D8DC00FD249E /* Project object */ = {
			isa = PBXProject;
			attributes = {
				BuildIndependentTargetsInParallel = 1;
				LastSwiftUpdateCheck = 1400;
				LastUpgradeCheck = 1400;
				TargetAttributes = {
					4A77C0CE28C6D8DC00FD249E = {
						CreatedOnToolsVersion = 14.0;
					};
					4A77C0DE28C6D8DD00FD249E = {
						CreatedOnToolsVersion = 14.0;
						TestTargetID = 4A77C0CE28C6D8DC00FD249E;
					};
					4A77C0E828C6D8DD00FD249E = {
						CreatedOnToolsVersion = 14.0;
						TestTargetID = 4A77C0CE28C6D8DC00FD249E;
					};
				};
			};
			buildConfigurationList = 4A77C0CA28C6D8DC00FD249E /* Build configuration list for PBXProject "DailyStick" */;
			compatibilityVersion = "Xcode 14.0";
			developmentRegion = en;
			hasScannedForEncodings = 0;
			knownRegions = (
				en,
				Base,
			);
			mainGroup = 4A77C0C628C6D8DC00FD249E;
			packageReferences = (
				4A77C10128C6DC0100FD249E /* XCRemoteSwiftPackageReference "realm-cocoa" */,
			);
			productRefGroup = 4A77C0D028C6D8DC00FD249E /* Products */;
			projectDirPath = "";
			projectRoot = "";
			targets = (
				4A77C0CE28C6D8DC00FD249E /* DailyStick */,
				4A77C0DE28C6D8DD00FD249E /* DailyStickTests */,
				4A77C0E828C6D8DD00FD249E /* DailyStickUITests */,
			);
		};
/* End PBXProject section */

/* Begin PBXResourcesBuildPhase section */
		4A77C0CD28C6D8DC00FD249E /* Resources */ = {
			isa = PBXResourcesBuildPhase;
			buildActionMask = 2147483647;
			files = (
				4A77C12328C8317600FD249E /* Launch Screen.storyboard in Resources */,
				4A77C0DA28C6D8DC00FD249E /* Preview Assets.xcassets in Resources */,
				4A77C0D728C6D8DC00FD249E /* Assets.xcassets in Resources */,
			);
			runOnlyForDeploymentPostprocessing = 0;
		};
		4A77C0DD28C6D8DD00FD249E /* Resources */ = {
			isa = PBXResourcesBuildPhase;
			buildActionMask = 2147483647;
			files = (
			);
			runOnlyForDeploymentPostprocessing = 0;
		};
		4A77C0E728C6D8DD00FD249E /* Resources */ = {
			isa = PBXResourcesBuildPhase;
			buildActionMask = 2147483647;
			files = (
			);
			runOnlyForDeploymentPostprocessing = 0;
		};
/* End PBXResourcesBuildPhase section */

/* Begin PBXSourcesBuildPhase section */
		4A77C0CB28C6D8DC00FD249E /* Sources */ = {
			isa = PBXSourcesBuildPhase;
			buildActionMask = 2147483647;
			files = (
				4A77C10028C6DB0F00FD249E /* WorkoutHistory.swift in Sources */,
				4A77C11D28C6F51500FD249E /* HapticManager.swift in Sources */,
				4A77C11028C6DDAF00FD249E /* WorkoutDetailView.swift in Sources */,
				4A77C12128C8309600FD249E /* EmptyListView.swift in Sources */,
				4A77C10B28C6DD2700FD249E /* ClockModel.swift in Sources */,
				4A77C11228C6DDD900FD249E /* WorkoutTimerView.swift in Sources */,
				4A361CEF28CD3C7000D6AD2C /* MenuView.swift in Sources */,
				4A361CF128CD853E00D6AD2C /* ButtonView.swift in Sources */,
				4A77C0D528C6D8DC00FD249E /* ContentView.swift in Sources */,
				4A77C11628C6DEA100FD249E /* History.swift in Sources */,
				4A77C0D328C6D8DC00FD249E /* DailyStickApp.swift in Sources */,
				4A77C11A28C6DF1E00FD249E /* WorkoutCellView.swift in Sources */,
				4A77C10728C6DC3500FD249E /* DailyWorkout.swift in Sources */,
				4A77C10928C6DCC100FD249E /* Color.swift in Sources */,
				4A77C11828C6DED400FD249E /* WorkoutEditView.swift in Sources */,
				4A77C10E28C6DD7000FD249E /* WorkoutsList.swift in Sources */,
				4A77C11428C6DE6100FD249E /* Clock.swift in Sources */,
			);
			runOnlyForDeploymentPostprocessing = 0;
		};
		4A77C0DB28C6D8DD00FD249E /* Sources */ = {
			isa = PBXSourcesBuildPhase;
			buildActionMask = 2147483647;
			files = (
				4A77C0E428C6D8DD00FD249E /* DailyStickTests.swift in Sources */,
			);
			runOnlyForDeploymentPostprocessing = 0;
		};
		4A77C0E528C6D8DD00FD249E /* Sources */ = {
			isa = PBXSourcesBuildPhase;
			buildActionMask = 2147483647;
			files = (
				4A77C0EE28C6D8DD00FD249E /* DailyStickUITests.swift in Sources */,
				4A77C0F028C6D8DD00FD249E /* DailyStickUITestsLaunchTests.swift in Sources */,
			);
			runOnlyForDeploymentPostprocessing = 0;
		};
/* End PBXSourcesBuildPhase section */

/* Begin PBXTargetDependency section */
		4A77C0E128C6D8DD00FD249E /* PBXTargetDependency */ = {
			isa = PBXTargetDependency;
			target = 4A77C0CE28C6D8DC00FD249E /* DailyStick */;
			targetProxy = 4A77C0E028C6D8DD00FD249E /* PBXContainerItemProxy */;
		};
		4A77C0EB28C6D8DD00FD249E /* PBXTargetDependency */ = {
			isa = PBXTargetDependency;
			target = 4A77C0CE28C6D8DC00FD249E /* DailyStick */;
			targetProxy = 4A77C0EA28C6D8DD00FD249E /* PBXContainerItemProxy */;
		};
/* End PBXTargetDependency section */

/* Begin XCBuildConfiguration section */
		4A77C0F128C6D8DD00FD249E /* Debug */ = {
			isa = XCBuildConfiguration;
			buildSettings = {
				ALWAYS_SEARCH_USER_PATHS = NO;
				CLANG_ANALYZER_NONNULL = YES;
				CLANG_ANALYZER_NUMBER_OBJECT_CONVERSION = YES_AGGRESSIVE;
				CLANG_CXX_LANGUAGE_STANDARD = "gnu++20";
				CLANG_ENABLE_MODULES = YES;
				CLANG_ENABLE_OBJC_ARC = YES;
				CLANG_ENABLE_OBJC_WEAK = YES;
				CLANG_WARN_BLOCK_CAPTURE_AUTORELEASING = YES;
				CLANG_WARN_BOOL_CONVERSION = YES;
				CLANG_WARN_COMMA = YES;
				CLANG_WARN_CONSTANT_CONVERSION = YES;
				CLANG_WARN_DEPRECATED_OBJC_IMPLEMENTATIONS = YES;
				CLANG_WARN_DIRECT_OBJC_ISA_USAGE = YES_ERROR;
				CLANG_WARN_DOCUMENTATION_COMMENTS = YES;
				CLANG_WARN_EMPTY_BODY = YES;
				CLANG_WARN_ENUM_CONVERSION = YES;
				CLANG_WARN_INFINITE_RECURSION = YES;
				CLANG_WARN_INT_CONVERSION = YES;
				CLANG_WARN_NON_LITERAL_NULL_CONVERSION = YES;
				CLANG_WARN_OBJC_IMPLICIT_RETAIN_SELF = YES;
				CLANG_WARN_OBJC_LITERAL_CONVERSION = YES;
				CLANG_WARN_OBJC_ROOT_CLASS = YES_ERROR;
				CLANG_WARN_QUOTED_INCLUDE_IN_FRAMEWORK_HEADER = YES;
				CLANG_WARN_RANGE_LOOP_ANALYSIS = YES;
				CLANG_WARN_STRICT_PROTOTYPES = YES;
				CLANG_WARN_SUSPICIOUS_MOVE = YES;
				CLANG_WARN_UNGUARDED_AVAILABILITY = YES_AGGRESSIVE;
				CLANG_WARN_UNREACHABLE_CODE = YES;
				CLANG_WARN__DUPLICATE_METHOD_MATCH = YES;
				COPY_PHASE_STRIP = NO;
				DEBUG_INFORMATION_FORMAT = dwarf;
				ENABLE_STRICT_OBJC_MSGSEND = YES;
				ENABLE_TESTABILITY = YES;
				GCC_C_LANGUAGE_STANDARD = gnu11;
				GCC_DYNAMIC_NO_PIC = NO;
				GCC_NO_COMMON_BLOCKS = YES;
				GCC_OPTIMIZATION_LEVEL = 0;
				GCC_PREPROCESSOR_DEFINITIONS = (
					"DEBUG=1",
					"$(inherited)",
				);
				GCC_WARN_64_TO_32_BIT_CONVERSION = YES;
				GCC_WARN_ABOUT_RETURN_TYPE = YES_ERROR;
				GCC_WARN_UNDECLARED_SELECTOR = YES;
				GCC_WARN_UNINITIALIZED_AUTOS = YES_AGGRESSIVE;
				GCC_WARN_UNUSED_FUNCTION = YES;
				GCC_WARN_UNUSED_VARIABLE = YES;
				IPHONEOS_DEPLOYMENT_TARGET = 16.0;
				MTL_ENABLE_DEBUG_INFO = INCLUDE_SOURCE;
				MTL_FAST_MATH = YES;
				ONLY_ACTIVE_ARCH = YES;
				SDKROOT = iphoneos;
				SWIFT_ACTIVE_COMPILATION_CONDITIONS = DEBUG;
				SWIFT_OPTIMIZATION_LEVEL = "-Onone";
			};
			name = Debug;
		};
		4A77C0F228C6D8DD00FD249E /* Release */ = {
			isa = XCBuildConfiguration;
			buildSettings = {
				ALWAYS_SEARCH_USER_PATHS = NO;
				CLANG_ANALYZER_NONNULL = YES;
				CLANG_ANALYZER_NUMBER_OBJECT_CONVERSION = YES_AGGRESSIVE;
				CLANG_CXX_LANGUAGE_STANDARD = "gnu++20";
				CLANG_ENABLE_MODULES = YES;
				CLANG_ENABLE_OBJC_ARC = YES;
				CLANG_ENABLE_OBJC_WEAK = YES;
				CLANG_WARN_BLOCK_CAPTURE_AUTORELEASING = YES;
				CLANG_WARN_BOOL_CONVERSION = YES;
				CLANG_WARN_COMMA = YES;
				CLANG_WARN_CONSTANT_CONVERSION = YES;
				CLANG_WARN_DEPRECATED_OBJC_IMPLEMENTATIONS = YES;
				CLANG_WARN_DIRECT_OBJC_ISA_USAGE = YES_ERROR;
				CLANG_WARN_DOCUMENTATION_COMMENTS = YES;
				CLANG_WARN_EMPTY_BODY = YES;
				CLANG_WARN_ENUM_CONVERSION = YES;
				CLANG_WARN_INFINITE_RECURSION = YES;
				CLANG_WARN_INT_CONVERSION = YES;
				CLANG_WARN_NON_LITERAL_NULL_CONVERSION = YES;
				CLANG_WARN_OBJC_IMPLICIT_RETAIN_SELF = YES;
				CLANG_WARN_OBJC_LITERAL_CONVERSION = YES;
				CLANG_WARN_OBJC_ROOT_CLASS = YES_ERROR;
				CLANG_WARN_QUOTED_INCLUDE_IN_FRAMEWORK_HEADER = YES;
				CLANG_WARN_RANGE_LOOP_ANALYSIS = YES;
				CLANG_WARN_STRICT_PROTOTYPES = YES;
				CLANG_WARN_SUSPICIOUS_MOVE = YES;
				CLANG_WARN_UNGUARDED_AVAILABILITY = YES_AGGRESSIVE;
				CLANG_WARN_UNREACHABLE_CODE = YES;
				CLANG_WARN__DUPLICATE_METHOD_MATCH = YES;
				COPY_PHASE_STRIP = NO;
				DEBUG_INFORMATION_FORMAT = "dwarf-with-dsym";
				ENABLE_NS_ASSERTIONS = NO;
				ENABLE_STRICT_OBJC_MSGSEND = YES;
				GCC_C_LANGUAGE_STANDARD = gnu11;
				GCC_NO_COMMON_BLOCKS = YES;
				GCC_WARN_64_TO_32_BIT_CONVERSION = YES;
				GCC_WARN_ABOUT_RETURN_TYPE = YES_ERROR;
				GCC_WARN_UNDECLARED_SELECTOR = YES;
				GCC_WARN_UNINITIALIZED_AUTOS = YES_AGGRESSIVE;
				GCC_WARN_UNUSED_FUNCTION = YES;
				GCC_WARN_UNUSED_VARIABLE = YES;
				IPHONEOS_DEPLOYMENT_TARGET = 16.0;
				MTL_ENABLE_DEBUG_INFO = NO;
				MTL_FAST_MATH = YES;
				SDKROOT = iphoneos;
				SWIFT_COMPILATION_MODE = wholemodule;
				SWIFT_OPTIMIZATION_LEVEL = "-O";
				VALIDATE_PRODUCT = YES;
			};
			name = Release;
		};
		4A77C0F428C6D8DD00FD249E /* Debug */ = {
			isa = XCBuildConfiguration;
			buildSettings = {
				ASSETCATALOG_COMPILER_APPICON_NAME = AppIcon;
				ASSETCATALOG_COMPILER_GLOBAL_ACCENT_COLOR_NAME = AccentColor;
				CODE_SIGN_STYLE = Automatic;
				CURRENT_PROJECT_VERSION = 1;
				DEVELOPMENT_ASSET_PATHS = "\"DailyStick/Preview Content\"";
				DEVELOPMENT_TEAM = W59W3QVKXJ;
				ENABLE_PREVIEWS = YES;
				GENERATE_INFOPLIST_FILE = YES;
				INFOPLIST_FILE = DailyStick/Info.plist;
				INFOPLIST_KEY_UIApplicationSceneManifest_Generation = YES;
				INFOPLIST_KEY_UIApplicationSupportsIndirectInputEvents = YES;
				INFOPLIST_KEY_UILaunchStoryboardName = "Launch Screen.storyboard";
				INFOPLIST_KEY_UISupportedInterfaceOrientations_iPad = "UIInterfaceOrientationPortrait UIInterfaceOrientationPortraitUpsideDown UIInterfaceOrientationLandscapeLeft UIInterfaceOrientationLandscapeRight";
				INFOPLIST_KEY_UISupportedInterfaceOrientations_iPhone = "UIInterfaceOrientationPortrait UIInterfaceOrientationLandscapeLeft UIInterfaceOrientationLandscapeRight";
				LD_RUNPATH_SEARCH_PATHS = (
					"$(inherited)",
					"@executable_path/Frameworks",
				);
				MARKETING_VERSION = 1.0;
				PRODUCT_BUNDLE_IDENTIFIER = "com.sigmatech.daily-workout.DailyStick";
				PRODUCT_NAME = "$(TARGET_NAME)";
				SWIFT_EMIT_LOC_STRINGS = YES;
				SWIFT_VERSION = 5.0;
				TARGETED_DEVICE_FAMILY = "1,2";
			};
			name = Debug;
		};
		4A77C0F528C6D8DD00FD249E /* Release */ = {
			isa = XCBuildConfiguration;
			buildSettings = {
				ASSETCATALOG_COMPILER_APPICON_NAME = AppIcon;
				ASSETCATALOG_COMPILER_GLOBAL_ACCENT_COLOR_NAME = AccentColor;
				CODE_SIGN_STYLE = Automatic;
				CURRENT_PROJECT_VERSION = 1;
				DEVELOPMENT_ASSET_PATHS = "\"DailyStick/Preview Content\"";
				DEVELOPMENT_TEAM = W59W3QVKXJ;
				ENABLE_PREVIEWS = YES;
				GENERATE_INFOPLIST_FILE = YES;
				INFOPLIST_FILE = DailyStick/Info.plist;
				INFOPLIST_KEY_UIApplicationSceneManifest_Generation = YES;
				INFOPLIST_KEY_UIApplicationSupportsIndirectInputEvents = YES;
				INFOPLIST_KEY_UILaunchStoryboardName = "Launch Screen.storyboard";
				INFOPLIST_KEY_UISupportedInterfaceOrientations_iPad = "UIInterfaceOrientationPortrait UIInterfaceOrientationPortraitUpsideDown UIInterfaceOrientationLandscapeLeft UIInterfaceOrientationLandscapeRight";
				INFOPLIST_KEY_UISupportedInterfaceOrientations_iPhone = "UIInterfaceOrientationPortrait UIInterfaceOrientationLandscapeLeft UIInterfaceOrientationLandscapeRight";
				LD_RUNPATH_SEARCH_PATHS = (
					"$(inherited)",
					"@executable_path/Frameworks",
				);
				MARKETING_VERSION = 1.0;
				PRODUCT_BUNDLE_IDENTIFIER = "com.sigmatech.daily-workout.DailyStick";
				PRODUCT_NAME = "$(TARGET_NAME)";
				SWIFT_EMIT_LOC_STRINGS = YES;
				SWIFT_VERSION = 5.0;
				TARGETED_DEVICE_FAMILY = "1,2";
			};
			name = Release;
		};
		4A77C0F728C6D8DD00FD249E /* Debug */ = {
			isa = XCBuildConfiguration;
			buildSettings = {
				ALWAYS_EMBED_SWIFT_STANDARD_LIBRARIES = YES;
				BUNDLE_LOADER = "$(TEST_HOST)";
				CODE_SIGN_STYLE = Automatic;
				CURRENT_PROJECT_VERSION = 1;
				DEVELOPMENT_TEAM = W59W3QVKXJ;
				GENERATE_INFOPLIST_FILE = YES;
				IPHONEOS_DEPLOYMENT_TARGET = 16.0;
				MARKETING_VERSION = 1.0;
				PRODUCT_BUNDLE_IDENTIFIER = "com.sigmatech.daily-workout.DailyStickTests";
				PRODUCT_NAME = "$(TARGET_NAME)";
				SWIFT_EMIT_LOC_STRINGS = NO;
				SWIFT_VERSION = 5.0;
				TARGETED_DEVICE_FAMILY = "1,2";
				TEST_HOST = "$(BUILT_PRODUCTS_DIR)/DailyStick.app/$(BUNDLE_EXECUTABLE_FOLDER_PATH)/DailyStick";
			};
			name = Debug;
		};
		4A77C0F828C6D8DD00FD249E /* Release */ = {
			isa = XCBuildConfiguration;
			buildSettings = {
				ALWAYS_EMBED_SWIFT_STANDARD_LIBRARIES = YES;
				BUNDLE_LOADER = "$(TEST_HOST)";
				CODE_SIGN_STYLE = Automatic;
				CURRENT_PROJECT_VERSION = 1;
				DEVELOPMENT_TEAM = W59W3QVKXJ;
				GENERATE_INFOPLIST_FILE = YES;
				IPHONEOS_DEPLOYMENT_TARGET = 16.0;
				MARKETING_VERSION = 1.0;
				PRODUCT_BUNDLE_IDENTIFIER = "com.sigmatech.daily-workout.DailyStickTests";
				PRODUCT_NAME = "$(TARGET_NAME)";
				SWIFT_EMIT_LOC_STRINGS = NO;
				SWIFT_VERSION = 5.0;
				TARGETED_DEVICE_FAMILY = "1,2";
				TEST_HOST = "$(BUILT_PRODUCTS_DIR)/DailyStick.app/$(BUNDLE_EXECUTABLE_FOLDER_PATH)/DailyStick";
			};
			name = Release;
		};
		4A77C0FA28C6D8DD00FD249E /* Debug */ = {
			isa = XCBuildConfiguration;
			buildSettings = {
				ALWAYS_EMBED_SWIFT_STANDARD_LIBRARIES = YES;
				CODE_SIGN_STYLE = Automatic;
				CURRENT_PROJECT_VERSION = 1;
				DEVELOPMENT_TEAM = W59W3QVKXJ;
				GENERATE_INFOPLIST_FILE = YES;
				MARKETING_VERSION = 1.0;
				PRODUCT_BUNDLE_IDENTIFIER = "com.sigmatech.daily-workout.DailyStickUITests";
				PRODUCT_NAME = "$(TARGET_NAME)";
				SWIFT_EMIT_LOC_STRINGS = NO;
				SWIFT_VERSION = 5.0;
				TARGETED_DEVICE_FAMILY = "1,2";
				TEST_TARGET_NAME = DailyStick;
			};
			name = Debug;
		};
		4A77C0FB28C6D8DD00FD249E /* Release */ = {
			isa = XCBuildConfiguration;
			buildSettings = {
				ALWAYS_EMBED_SWIFT_STANDARD_LIBRARIES = YES;
				CODE_SIGN_STYLE = Automatic;
				CURRENT_PROJECT_VERSION = 1;
				DEVELOPMENT_TEAM = W59W3QVKXJ;
				GENERATE_INFOPLIST_FILE = YES;
				MARKETING_VERSION = 1.0;
				PRODUCT_BUNDLE_IDENTIFIER = "com.sigmatech.daily-workout.DailyStickUITests";
				PRODUCT_NAME = "$(TARGET_NAME)";
				SWIFT_EMIT_LOC_STRINGS = NO;
				SWIFT_VERSION = 5.0;
				TARGETED_DEVICE_FAMILY = "1,2";
				TEST_TARGET_NAME = DailyStick;
			};
			name = Release;
		};
/* End XCBuildConfiguration section */

/* Begin XCConfigurationList section */
		4A77C0CA28C6D8DC00FD249E /* Build configuration list for PBXProject "DailyStick" */ = {
			isa = XCConfigurationList;
			buildConfigurations = (
				4A77C0F128C6D8DD00FD249E /* Debug */,
				4A77C0F228C6D8DD00FD249E /* Release */,
			);
			defaultConfigurationIsVisible = 0;
			defaultConfigurationName = Release;
		};
		4A77C0F328C6D8DD00FD249E /* Build configuration list for PBXNativeTarget "DailyStick" */ = {
			isa = XCConfigurationList;
			buildConfigurations = (
				4A77C0F428C6D8DD00FD249E /* Debug */,
				4A77C0F528C6D8DD00FD249E /* Release */,
			);
			defaultConfigurationIsVisible = 0;
			defaultConfigurationName = Release;
		};
		4A77C0F628C6D8DD00FD249E /* Build configuration list for PBXNativeTarget "DailyStickTests" */ = {
			isa = XCConfigurationList;
			buildConfigurations = (
				4A77C0F728C6D8DD00FD249E /* Debug */,
				4A77C0F828C6D8DD00FD249E /* Release */,
			);
			defaultConfigurationIsVisible = 0;
			defaultConfigurationName = Release;
		};
		4A77C0F928C6D8DD00FD249E /* Build configuration list for PBXNativeTarget "DailyStickUITests" */ = {
			isa = XCConfigurationList;
			buildConfigurations = (
				4A77C0FA28C6D8DD00FD249E /* Debug */,
				4A77C0FB28C6D8DD00FD249E /* Release */,
			);
			defaultConfigurationIsVisible = 0;
			defaultConfigurationName = Release;
		};
/* End XCConfigurationList section */

/* Begin XCRemoteSwiftPackageReference section */
		4A77C10128C6DC0100FD249E /* XCRemoteSwiftPackageReference "realm-cocoa" */ = {
			isa = XCRemoteSwiftPackageReference;
			repositoryURL = "https://github.com/realm/realm-cocoa";
			requirement = {
				branch = master;
				kind = branch;
			};
		};
/* End XCRemoteSwiftPackageReference section */

/* Begin XCSwiftPackageProductDependency section */
		4A77C10228C6DC0100FD249E /* Realm */ = {
			isa = XCSwiftPackageProductDependency;
			package = 4A77C10128C6DC0100FD249E /* XCRemoteSwiftPackageReference "realm-cocoa" */;
			productName = Realm;
		};
		4A77C10428C6DC0100FD249E /* RealmSwift */ = {
			isa = XCSwiftPackageProductDependency;
			package = 4A77C10128C6DC0100FD249E /* XCRemoteSwiftPackageReference "realm-cocoa" */;
			productName = RealmSwift;
		};
/* End XCSwiftPackageProductDependency section */
	};
	rootObject = 4A77C0C728C6D8DC00FD249E /* Project object */;
}
